
Microsoft Visual Studio Solution File, Format Version 12.00
# Visual Studio Version 17
VisualStudioVersion = 17.14.36109.1
MinimumVisualStudioVersion = 10.0.40219.1
Project("{FAE04EC0-301F-11D3-BF4B-00C04F79EFBC}") = "DTOs", "DTOs\DTOs.csproj", "{6F5E73C3-68B0-4653-9333-AEDA7F99558E}"
EndProject
Project("{2150E333-8FDC-42A3-9474-1A3956D46DE8}") = "0_DTOs", "0_DTOs", "{02EA681E-C7D8-13C7-8484-4AC65E1B71E8}"
EndProject
Project("{2150E333-8FDC-42A3-9474-1A3956D46DE8}") = "1_DataAccess", "1_DataAccess", "{6C4138F1-206C-4667-80E8-F69D6E9D34D5}"
EndProject
Project("{FAE04EC0-301F-11D3-BF4B-00C04F79EFBC}") = "DataAccess", "DataAccess\DataAccess.csproj", "{E29B8181-9526-4E5B-8359-72BBD738427A}"
EndProject
Project("{2150E333-8FDC-42A3-9474-1A3956D46DE8}") = "2_CoreApp", "2_CoreApp", "{A9DD74D7-CE78-45F2-BEF6-9B1ED0373DF2}"
EndProject
Project("{FAE04EC0-301F-11D3-BF4B-00C04F79EFBC}") = "CoreApp", "CoreApp\CoreApp.csproj", "{9BE55D7A-6C00-43E9-8A49-A128107E374F}"
EndProject
Project("{2150E333-8FDC-42A3-9474-1A3956D46DE8}") = "3_Exceptions", "3_Exceptions", "{E04CFC6E-8FDD-4B01-9821-D0614E0BF668}"
EndProject
Project("{FAE04EC0-301F-11D3-BF4B-00C04F79EFBC}") = "ExceptionManager", "ExceptionManager\ExceptionManager.csproj", "{2BE4D8FF-E19A-46A5-AD7C-BE51591156C7}"
EndProject
Project("{2150E333-8FDC-42A3-9474-1A3956D46DE8}") = "4_WebApi", "4_WebApi", "{DEC9F9FC-872A-4CB9-8CB4-C893F47DBD3B}"
EndProject
Project("{FAE04EC0-301F-11D3-BF4B-00C04F79EFBC}") = "WebAPI", "WebAPI\WebAPI.csproj", "{B9497A42-BF13-4A31-86FA-7F0C22252CFA}"
EndProject
Project("{2150E333-8FDC-42A3-9474-1A3956D46DE8}") = "5_WebApp", "5_WebApp", "{6169943C-7150-4176-8460-DB704FF99197}"
EndProject
Project("{FAE04EC0-301F-11D3-BF4B-00C04F79EFBC}") = "WebApp", "WebApp\WebApp.csproj", "{029ECCEB-88B9-4A38-9FF7-558738CD0234}"
EndProject
Project("{2150E333-8FDC-42A3-9474-1A3956D46DE8}") = "99_Testing", "99_Testing", "{CD702D97-572D-44FB-84D9-D42300D9CB4A}"
EndProject
Project("{FAE04EC0-301F-11D3-BF4B-00C04F79EFBC}") = "DevTester", "DevTester\DevTester.csproj", "{1DCF137F-B568-41D2-997C-41844376150D}"
EndProject
Global
	GlobalSection(SolutionConfigurationPlatforms) = preSolution
		Debug|Any CPU = Debug|Any CPU
		Release|Any CPU = Release|Any CPU
	EndGlobalSection
	GlobalSection(ProjectConfigurationPlatforms) = postSolution
		{6F5E73C3-68B0-4653-9333-AEDA7F99558E}.Debug|Any CPU.ActiveCfg = Debug|Any CPU
		{6F5E73C3-68B0-4653-9333-AEDA7F99558E}.Debug|Any CPU.Build.0 = Debug|Any CPU
		{6F5E73C3-68B0-4653-9333-AEDA7F99558E}.Release|Any CPU.ActiveCfg = Release|Any CPU
		{6F5E73C3-68B0-4653-9333-AEDA7F99558E}.Release|Any CPU.Build.0 = Release|Any CPU
		{E29B8181-9526-4E5B-8359-72BBD738427A}.Debug|Any CPU.ActiveCfg = Debug|Any CPU
		{E29B8181-9526-4E5B-8359-72BBD738427A}.Debug|Any CPU.Build.0 = Debug|Any CPU
		{E29B8181-9526-4E5B-8359-72BBD738427A}.Release|Any CPU.ActiveCfg = Release|Any CPU
		{E29B8181-9526-4E5B-8359-72BBD738427A}.Release|Any CPU.Build.0 = Release|Any CPU
		{9BE55D7A-6C00-43E9-8A49-A128107E374F}.Debug|Any CPU.ActiveCfg = Debug|Any CPU
		{9BE55D7A-6C00-43E9-8A49-A128107E374F}.Debug|Any CPU.Build.0 = Debug|Any CPU
		{9BE55D7A-6C00-43E9-8A49-A128107E374F}.Release|Any CPU.ActiveCfg = Release|Any CPU
		{9BE55D7A-6C00-43E9-8A49-A128107E374F}.Release|Any CPU.Build.0 = Release|Any CPU
		{2BE4D8FF-E19A-46A5-AD7C-BE51591156C7}.Debug|Any CPU.ActiveCfg = Debug|Any CPU
		{2BE4D8FF-E19A-46A5-AD7C-BE51591156C7}.Debug|Any CPU.Build.0 = Debug|Any CPU
		{2BE4D8FF-E19A-46A5-AD7C-BE51591156C7}.Release|Any CPU.ActiveCfg = Release|Any CPU
		{2BE4D8FF-E19A-46A5-AD7C-BE51591156C7}.Release|Any CPU.Build.0 = Release|Any CPU
		{B9497A42-BF13-4A31-86FA-7F0C22252CFA}.Debug|Any CPU.ActiveCfg = Debug|Any CPU
		{B9497A42-BF13-4A31-86FA-7F0C22252CFA}.Debug|Any CPU.Build.0 = Debug|Any CPU
		{B9497A42-BF13-4A31-86FA-7F0C22252CFA}.Release|Any CPU.ActiveCfg = Release|Any CPU
		{B9497A42-BF13-4A31-86FA-7F0C22252CFA}.Release|Any CPU.Build.0 = Release|Any CPU
		{029ECCEB-88B9-4A38-9FF7-558738CD0234}.Debug|Any CPU.ActiveCfg = Debug|Any CPU
		{029ECCEB-88B9-4A38-9FF7-558738CD0234}.Debug|Any CPU.Build.0 = Debug|Any CPU
		{029ECCEB-88B9-4A38-9FF7-558738CD0234}.Release|Any CPU.ActiveCfg = Release|Any CPU
		{029ECCEB-88B9-4A38-9FF7-558738CD0234}.Release|Any CPU.Build.0 = Release|Any CPU
		{1DCF137F-B568-41D2-997C-41844376150D}.Debug|Any CPU.ActiveCfg = Debug|Any CPU
		{1DCF137F-B568-41D2-997C-41844376150D}.Debug|Any CPU.Build.0 = Debug|Any CPU
		{1DCF137F-B568-41D2-997C-41844376150D}.Release|Any CPU.ActiveCfg = Release|Any CPU
		{1DCF137F-B568-41D2-997C-41844376150D}.Release|Any CPU.Build.0 = Release|Any CPU
	EndGlobalSection
	GlobalSection(SolutionProperties) = preSolution
		HideSolutionNode = FALSE
	EndGlobalSection
	GlobalSection(NestedProjects) = preSolution
		{6F5E73C3-68B0-4653-9333-AEDA7F99558E} = {02EA681E-C7D8-13C7-8484-4AC65E1B71E8}
		{E29B8181-9526-4E5B-8359-72BBD738427A} = {6C4138F1-206C-4667-80E8-F69D6E9D34D5}
		{9BE55D7A-6C00-43E9-8A49-A128107E374F} = {A9DD74D7-CE78-45F2-BEF6-9B1ED0373DF2}
		{2BE4D8FF-E19A-46A5-AD7C-BE51591156C7} = {E04CFC6E-8FDD-4B01-9821-D0614E0BF668}
		{B9497A42-BF13-4A31-86FA-7F0C22252CFA} = {DEC9F9FC-872A-4CB9-8CB4-C893F47DBD3B}
		{029ECCEB-88B9-4A38-9FF7-558738CD0234} = {6169943C-7150-4176-8460-DB704FF99197}
		{1DCF137F-B568-41D2-997C-41844376150D} = {CD702D97-572D-44FB-84D9-D42300D9CB4A}
	EndGlobalSection
	GlobalSection(ExtensibilityGlobals) = postSolution
		SolutionGuid = {412C0FA1-1D3F-4038-B696-ACB663D780B6}
	EndGlobalSection
EndGlobal
